
Microsoft Visual Studio Solution File, Format Version 12.00
# Visual Studio Version 17
VisualStudioVersion = 17.14.36518.9 d17.14
MinimumVisualStudioVersion = 10.0.40219.1
Project("{FAE04EC0-301F-11D3-BF4B-00C04F79EFBC}") = "SelverC#", "SelverC#\SelverC#.csproj", "{F80A4E88-C8A2-4010-A94E-F72032C45A39}"
EndProject
Global
	GlobalSection(SolutionConfigurationPlatforms) = preSolution
		Debug|Any CPU = Debug|Any CPU
		Release|Any CPU = Release|Any CPU
	EndGlobalSection
	GlobalSection(ProjectConfigurationPlatforms) = postSolution
		{F80A4E88-C8A2-4010-A94E-F72032C45A39}.Debug|Any CPU.ActiveCfg = Debug|Any CPU
		{F80A4E88-C8A2-4010-A94E-F72032C45A39}.Debug|Any CPU.Build.0 = Debug|Any CPU
		{F80A4E88-C8A2-4010-A94E-F72032C45A39}.Release|Any CPU.ActiveCfg = Release|Any CPU
		{F80A4E88-C8A2-4010-A94E-F72032C45A39}.Release|Any CPU.Build.0 = Release|Any CPU
	EndGlobalSection
	GlobalSection(SolutionProperties) = preSolution
		HideSolutionNode = FALSE
	EndGlobalSection
	GlobalSection(ExtensibilityGlobals) = postSolution
		SolutionGuid = {E3A2A973-D818-47D2-874D-2C9618F91897}
	EndGlobalSection
EndGlobal
